<?xml version="1.0" encoding="utf-8"?>
<Project ToolsVersion="4.0" xmlns="http://schemas.microsoft.com/developer/msbuild/2003">
  <ItemGroup>
    <ClCompile Include="Functions.cpp" />
    <ClCompile Include="Main.cpp" />
    <ClCompile Include="SDK\Shared\Network\CBitStream.cpp">
      <Filter>SDK</Filter>
    </ClCompile>
    <ClCompile Include="SDK\Shared\Game\CControlState.cpp">
      <Filter>SDK</Filter>
    </ClCompile>
    <ClCompile Include="SDK\Shared\CString.cpp">
      <Filter>SDK</Filter>
    </ClCompile>
    <ClCompile Include="SDK\SDK.cpp">
      <Filter>SDK</Filter>
    </ClCompile>
  </ItemGroup>
  <ItemGroup>
    <ClInclude Include="Functions.h" />
    <ClInclude Include="SDK\Squirrel.h">
      <Filter>SDK</Filter>
    </ClInclude>
    <ClInclude Include="SDK\Shared\Network\CBitStream.h">
      <Filter>SDK</Filter>
    </ClInclude>
    <ClInclude Include="SDK\Shared\Game\CControlState.h">
      <Filter>SDK</Filter>
    </ClInclude>
    <ClInclude Include="SDK\Shared\Common.h">
      <Filter>SDK</Filter>
    </ClInclude>
    <ClInclude Include="SDK\Shared\CString.h">
      <Filter>SDK</Filter>
    </ClInclude>
    <ClInclude Include="SDK\SDK.h">
      <Filter>SDK</Filter>
    </ClInclude>
    <ClInclude Include="Common.h" />
  </ItemGroup>
  <ItemGroup>
    <Filter Include="SDK">
      <UniqueIdentifier>{9d5d926f-b275-4730-a4c4-470df4d91a93}</UniqueIdentifier>
    </Filter>
  </ItemGroup>
</Project>